name: update-flake-lock
on:
  workflow_dispatch: # allows manual triggering
  schedule:
    - cron: '0 8 * * *' # runs weekly on Sunday at 00:00

jobs:
  lockfile:
    runs-on: ubuntu-latest
    permissions:
      contents: write  # Erlaubt das Pushen von Änderungen
      pull-requests: write  # Erlaubt das Erstellen von PRs
    steps:
      - name: Checkout repository
        uses: actions/checkout@v4
        with:
          token: ${{ secrets.GITHUB_TOKEN }}  # Stellt sicher, dass das Token verwendet wird
      - name: Install Nix
        uses: DeterminateSystems/nix-installer-action@v17
      - name: Flake.lock aktualisieren
        run: |
          nix flake update --commit-lock-file

      - name: Änderungen committen und pushen
        run: |
          git config user.name "github-actions[bot]"
          git config user.email "github-actions[bot]@users.noreply.github.com"
          git add flake.lock
          # Nur committen, falls es Änderungen gibt
          git diff --quiet --exit-code || git commit -m "Automatische Aktualisierung von flake.lock"
          git push origin HEAD:main

