name: update-flake-lock
on:
  workflow_dispatch: # allows manual triggering
  schedule:
    - cron: '0 8 * * *' 

jobs:
  lockfile:
    runs-on: ubuntu-latest
    permissions:
      contents: write
      id-token: write
      issues: write
      pull-requests: write

    steps:
      - uses: actions/checkout@v4

      - uses: DeterminateSystems/determinate-nix-action@v3

      - id: update           
        uses: DeterminateSystems/update-flake-lock@main
        with:
          pr-title: "Update Nix flake inputs"
          pr-labels: |
            dependencies
            automated

      - name: Merge
        if: steps.update.outputs.pull-request-number != ''  
        env:
          GITHUB_TOKEN: ${{ secrets.GITHUB_TOKEN }}
        run: |
          # merge the newly-created PR by its number
          gh pr merge --auto --rebase "${{ steps.update.outputs.pull-request-number }}"
